
Microsoft Visual Studio Solution File, Format Version 12.00
# Visual Studio Version 17
VisualStudioVersion = 17.6.33801.468
MinimumVisualStudioVersion = 10.0.40219.1
Project("{2150E333-8FDC-42A3-9474-1A3956D46DE8}") = "src", "src", "{8B97344D-86BD-4FDA-BF1B-CE3E2DB3FD70}"
EndProject
Project("{9A19103F-16F7-4668-BE54-9A1E7A4F7556}") = "CostTrackerDomain", "CostTrackerDomain\CostTrackerDomain.csproj", "{8F46E3EE-072C-4C8E-9814-6245BE68E2F9}"
EndProject
Project("{9A19103F-16F7-4668-BE54-9A1E7A4F7556}") = "CostTrackerPresentation", "CostTrackerPresentation\CostTrackerPresentation.csproj", "{3CE0EE89-DA2C-4BFE-9D51-FB6B6BC1B673}"
EndProject
Project("{9A19103F-16F7-4668-BE54-9A1E7A4F7556}") = "CostTrackerPersistence", "CostTrackerPersistence\CostTrackerPersistence.csproj", "{FBA7B8D1-71FC-46DD-B77C-6234F88F449E}"
EndProject
Project("{9A19103F-16F7-4668-BE54-9A1E7A4F7556}") = "CostTrackerInfrastructure", "CostTrackerInfrastructure\CostTrackerInfrastructure.csproj", "{7AA66540-A8D9-4B0C-BE58-65D0FDB53E29}"
EndProject
Project("{9A19103F-16F7-4668-BE54-9A1E7A4F7556}") = "CostTrackerAPI", "CostTrackerAPI\CostTrackerAPI.csproj", "{1CD5E3AC-55EC-4E54-88C8-440952E61CEA}"
EndProject
Project("{9A19103F-16F7-4668-BE54-9A1E7A4F7556}") = "CostTrackerApplication", "CostTrackerApplication\CostTrackerApplication.csproj", "{3AF5E293-73D8-4014-B7FD-815942A1297D}"
EndProject
Project("{2150E333-8FDC-42A3-9474-1A3956D46DE8}") = "Docs", "Docs", "{DB2C3656-C3A9-4283-8409-0DF4386AE9E6}"
EndProject
Project("{2150E333-8FDC-42A3-9474-1A3956D46DE8}") = "DomainModels", "DomainModels", "{78164895-CA82-4CE9-9912-8D3A64FDCA8F}"
	ProjectSection(SolutionItems) = preProject
		Aggregate.Label.md = Aggregate.Label.md
		Aggregate.User.md = Aggregate.User.md
		Agregate.Currency.md = Agregate.Currency.md
	EndProjectSection
EndProject
Project("{2150E333-8FDC-42A3-9474-1A3956D46DE8}") = "Application", "Application", "{AA4B1721-0AE3-44C1-BA22-A2D78D6313AC}"
	ProjectSection(SolutionItems) = preProject
		CommandsAndQueries.md = CommandsAndQueries.md
	EndProjectSection
EndProject
Global
	GlobalSection(SolutionConfigurationPlatforms) = preSolution
		Debug|Any CPU = Debug|Any CPU
		Release|Any CPU = Release|Any CPU
	EndGlobalSection
	GlobalSection(ProjectConfigurationPlatforms) = postSolution
		{8F46E3EE-072C-4C8E-9814-6245BE68E2F9}.Debug|Any CPU.ActiveCfg = Debug|Any CPU
		{8F46E3EE-072C-4C8E-9814-6245BE68E2F9}.Debug|Any CPU.Build.0 = Debug|Any CPU
		{8F46E3EE-072C-4C8E-9814-6245BE68E2F9}.Release|Any CPU.ActiveCfg = Release|Any CPU
		{8F46E3EE-072C-4C8E-9814-6245BE68E2F9}.Release|Any CPU.Build.0 = Release|Any CPU
		{3CE0EE89-DA2C-4BFE-9D51-FB6B6BC1B673}.Debug|Any CPU.ActiveCfg = Debug|Any CPU
		{3CE0EE89-DA2C-4BFE-9D51-FB6B6BC1B673}.Debug|Any CPU.Build.0 = Debug|Any CPU
		{3CE0EE89-DA2C-4BFE-9D51-FB6B6BC1B673}.Release|Any CPU.ActiveCfg = Release|Any CPU
		{3CE0EE89-DA2C-4BFE-9D51-FB6B6BC1B673}.Release|Any CPU.Build.0 = Release|Any CPU
		{FBA7B8D1-71FC-46DD-B77C-6234F88F449E}.Debug|Any CPU.ActiveCfg = Debug|Any CPU
		{FBA7B8D1-71FC-46DD-B77C-6234F88F449E}.Debug|Any CPU.Build.0 = Debug|Any CPU
		{FBA7B8D1-71FC-46DD-B77C-6234F88F449E}.Release|Any CPU.ActiveCfg = Release|Any CPU
		{FBA7B8D1-71FC-46DD-B77C-6234F88F449E}.Release|Any CPU.Build.0 = Release|Any CPU
		{7AA66540-A8D9-4B0C-BE58-65D0FDB53E29}.Debug|Any CPU.ActiveCfg = Debug|Any CPU
		{7AA66540-A8D9-4B0C-BE58-65D0FDB53E29}.Debug|Any CPU.Build.0 = Debug|Any CPU
		{7AA66540-A8D9-4B0C-BE58-65D0FDB53E29}.Release|Any CPU.ActiveCfg = Release|Any CPU
		{7AA66540-A8D9-4B0C-BE58-65D0FDB53E29}.Release|Any CPU.Build.0 = Release|Any CPU
		{1CD5E3AC-55EC-4E54-88C8-440952E61CEA}.Debug|Any CPU.ActiveCfg = Debug|Any CPU
		{1CD5E3AC-55EC-4E54-88C8-440952E61CEA}.Debug|Any CPU.Build.0 = Debug|Any CPU
		{1CD5E3AC-55EC-4E54-88C8-440952E61CEA}.Release|Any CPU.ActiveCfg = Release|Any CPU
		{1CD5E3AC-55EC-4E54-88C8-440952E61CEA}.Release|Any CPU.Build.0 = Release|Any CPU
		{3AF5E293-73D8-4014-B7FD-815942A1297D}.Debug|Any CPU.ActiveCfg = Debug|Any CPU
		{3AF5E293-73D8-4014-B7FD-815942A1297D}.Debug|Any CPU.Build.0 = Debug|Any CPU
		{3AF5E293-73D8-4014-B7FD-815942A1297D}.Release|Any CPU.ActiveCfg = Release|Any CPU
		{3AF5E293-73D8-4014-B7FD-815942A1297D}.Release|Any CPU.Build.0 = Release|Any CPU
	EndGlobalSection
	GlobalSection(SolutionProperties) = preSolution
		HideSolutionNode = FALSE
	EndGlobalSection
	GlobalSection(NestedProjects) = preSolution
		{8F46E3EE-072C-4C8E-9814-6245BE68E2F9} = {8B97344D-86BD-4FDA-BF1B-CE3E2DB3FD70}
		{3CE0EE89-DA2C-4BFE-9D51-FB6B6BC1B673} = {8B97344D-86BD-4FDA-BF1B-CE3E2DB3FD70}
		{FBA7B8D1-71FC-46DD-B77C-6234F88F449E} = {8B97344D-86BD-4FDA-BF1B-CE3E2DB3FD70}
		{7AA66540-A8D9-4B0C-BE58-65D0FDB53E29} = {8B97344D-86BD-4FDA-BF1B-CE3E2DB3FD70}
		{1CD5E3AC-55EC-4E54-88C8-440952E61CEA} = {8B97344D-86BD-4FDA-BF1B-CE3E2DB3FD70}
		{3AF5E293-73D8-4014-B7FD-815942A1297D} = {8B97344D-86BD-4FDA-BF1B-CE3E2DB3FD70}
		{DB2C3656-C3A9-4283-8409-0DF4386AE9E6} = {8B97344D-86BD-4FDA-BF1B-CE3E2DB3FD70}
		{78164895-CA82-4CE9-9912-8D3A64FDCA8F} = {DB2C3656-C3A9-4283-8409-0DF4386AE9E6}
		{AA4B1721-0AE3-44C1-BA22-A2D78D6313AC} = {DB2C3656-C3A9-4283-8409-0DF4386AE9E6}
	EndGlobalSection
	GlobalSection(ExtensibilityGlobals) = postSolution
		SolutionGuid = {BE9BC90F-39E1-40A4-A027-DD26F8F5BF9F}
	EndGlobalSection
EndGlobal
